
Microsoft Visual Studio Solution File, Format Version 12.00
# Visual Studio Version 16
VisualStudioVersion = 16.0.31424.327
MinimumVisualStudioVersion = 10.0.40219.1
Project("{FAE04EC0-301F-11D3-BF4B-00C04F79EFBC}") = "WPF.UI.Solution", "WPF.UI.Solution\WPF.UI.Solution.csproj", "{3879826D-C5D7-40A5-BF9D-F86ED31A90DB}"
EndProject
Project("{FAE04EC0-301F-11D3-BF4B-00C04F79EFBC}") = "WPF.Style.Design.Library", "WPF.Style.Design.Library\WPF.Style.Design.Library.csproj", "{67400827-2D21-42C3-B0EB-E4440A15CDCA}"
EndProject
Project("{FAE04EC0-301F-11D3-BF4B-00C04F79EFBC}") = "WPF.GrowlNotification", "WPF.GrowlNotification\WPF.GrowlNotification.csproj", "{9C1B81BB-D81B-432B-9499-3D1EC438E0E4}"
EndProject
Global
	GlobalSection(SolutionConfigurationPlatforms) = preSolution
		Debug|Any CPU = Debug|Any CPU
		Release|Any CPU = Release|Any CPU
	EndGlobalSection
	GlobalSection(ProjectConfigurationPlatforms) = postSolution
		{3879826D-C5D7-40A5-BF9D-F86ED31A90DB}.Debug|Any CPU.ActiveCfg = Debug|Any CPU
		{3879826D-C5D7-40A5-BF9D-F86ED31A90DB}.Debug|Any CPU.Build.0 = Debug|Any CPU
		{3879826D-C5D7-40A5-BF9D-F86ED31A90DB}.Release|Any CPU.ActiveCfg = Release|Any CPU
		{3879826D-C5D7-40A5-BF9D-F86ED31A90DB}.Release|Any CPU.Build.0 = Release|Any CPU
		{67400827-2D21-42C3-B0EB-E4440A15CDCA}.Debug|Any CPU.ActiveCfg = Debug|Any CPU
		{67400827-2D21-42C3-B0EB-E4440A15CDCA}.Debug|Any CPU.Build.0 = Debug|Any CPU
		{67400827-2D21-42C3-B0EB-E4440A15CDCA}.Release|Any CPU.ActiveCfg = Release|Any CPU
		{67400827-2D21-42C3-B0EB-E4440A15CDCA}.Release|Any CPU.Build.0 = Release|Any CPU
		{9C1B81BB-D81B-432B-9499-3D1EC438E0E4}.Debug|Any CPU.ActiveCfg = Debug|Any CPU
		{9C1B81BB-D81B-432B-9499-3D1EC438E0E4}.Debug|Any CPU.Build.0 = Debug|Any CPU
		{9C1B81BB-D81B-432B-9499-3D1EC438E0E4}.Release|Any CPU.ActiveCfg = Release|Any CPU
		{9C1B81BB-D81B-432B-9499-3D1EC438E0E4}.Release|Any CPU.Build.0 = Release|Any CPU
	EndGlobalSection
	GlobalSection(SolutionProperties) = preSolution
		HideSolutionNode = FALSE
	EndGlobalSection
	GlobalSection(ExtensibilityGlobals) = postSolution
		SolutionGuid = {1204F392-4DEA-4D75-9D7B-547E76E3857A}
	EndGlobalSection
EndGlobal
